
Microsoft Visual Studio Solution File, Format Version 12.00
# Visual Studio Version 16
VisualStudioVersion = 16.0.30309.148
MinimumVisualStudioVersion = 10.0.40219.1
Project("{FAE04EC0-301F-11D3-BF4B-00C04F79EFBC}") = "Drawing Basic Shapes", "Drawing Basic Shapes\Drawing Basic Shapes.csproj", "{EE8FBC19-B057-4DB1-BDBE-482D59D0B792}"
EndProject
Global
	GlobalSection(SolutionConfigurationPlatforms) = preSolution
		Debug|Any CPU = Debug|Any CPU
		Release|Any CPU = Release|Any CPU
	EndGlobalSection
	GlobalSection(ProjectConfigurationPlatforms) = postSolution
		{EE8FBC19-B057-4DB1-BDBE-482D59D0B792}.Debug|Any CPU.ActiveCfg = Debug|Any CPU
		{EE8FBC19-B057-4DB1-BDBE-482D59D0B792}.Debug|Any CPU.Build.0 = Debug|Any CPU
		{EE8FBC19-B057-4DB1-BDBE-482D59D0B792}.Release|Any CPU.ActiveCfg = Release|Any CPU
		{EE8FBC19-B057-4DB1-BDBE-482D59D0B792}.Release|Any CPU.Build.0 = Release|Any CPU
	EndGlobalSection
	GlobalSection(SolutionProperties) = preSolution
		HideSolutionNode = FALSE
	EndGlobalSection
	GlobalSection(ExtensibilityGlobals) = postSolution
		SolutionGuid = {8CFB5CEA-2413-47DE-9778-77EA1A1E50C2}
	EndGlobalSection
EndGlobal
